
Microsoft Visual Studio Solution File, Format Version 12.00
# Visual Studio Version 17
VisualStudioVersion = 17.3.32901.215
MinimumVisualStudioVersion = 10.0.40219.1
Project("{FAE04EC0-301F-11D3-BF4B-00C04F79EFBC}") = "cALculator__", "cALculator__\cALculator__.csproj", "{9FC8B69D-7012-4113-9C04-320574FD4CB3}"
EndProject
Global
	GlobalSection(SolutionConfigurationPlatforms) = preSolution
		Debug|Any CPU = Debug|Any CPU
		Release|Any CPU = Release|Any CPU
	EndGlobalSection
	GlobalSection(ProjectConfigurationPlatforms) = postSolution
		{9FC8B69D-7012-4113-9C04-320574FD4CB3}.Debug|Any CPU.ActiveCfg = Debug|Any CPU
		{9FC8B69D-7012-4113-9C04-320574FD4CB3}.Debug|Any CPU.Build.0 = Debug|Any CPU
		{9FC8B69D-7012-4113-9C04-320574FD4CB3}.Release|Any CPU.ActiveCfg = Release|Any CPU
		{9FC8B69D-7012-4113-9C04-320574FD4CB3}.Release|Any CPU.Build.0 = Release|Any CPU
	EndGlobalSection
	GlobalSection(SolutionProperties) = preSolution
		HideSolutionNode = FALSE
	EndGlobalSection
	GlobalSection(ExtensibilityGlobals) = postSolution
		SolutionGuid = {A63DBA0D-FD4C-48AD-8E62-2FFA98DE1B57}
	EndGlobalSection
EndGlobal
